
Microsoft Visual Studio Solution File, Format Version 12.00
# Visual Studio Version 17
VisualStudioVersion = 17.5.33530.505
MinimumVisualStudioVersion = 10.0.40219.1
Project("{FAE04EC0-301F-11D3-BF4B-00C04F79EFBC}") = "BlogTool", "BlogTool.csproj", "{B992201C-2D9E-46C7-ACC0-DDA8E2EC1BA4}"
EndProject
Global
	GlobalSection(SolutionConfigurationPlatforms) = preSolution
		Debug|Any CPU = Debug|Any CPU
		Release|Any CPU = Release|Any CPU
	EndGlobalSection
	GlobalSection(ProjectConfigurationPlatforms) = postSolution
		{B992201C-2D9E-46C7-ACC0-DDA8E2EC1BA4}.Debug|Any CPU.ActiveCfg = Debug|Any CPU
		{B992201C-2D9E-46C7-ACC0-DDA8E2EC1BA4}.Debug|Any CPU.Build.0 = Debug|Any CPU
		{B992201C-2D9E-46C7-ACC0-DDA8E2EC1BA4}.Release|Any CPU.ActiveCfg = Release|Any CPU
		{B992201C-2D9E-46C7-ACC0-DDA8E2EC1BA4}.Release|Any CPU.Build.0 = Release|Any CPU
	EndGlobalSection
	GlobalSection(SolutionProperties) = preSolution
		HideSolutionNode = FALSE
	EndGlobalSection
	GlobalSection(ExtensibilityGlobals) = postSolution
		SolutionGuid = {2BA2C4F3-3B3D-42E5-B426-2A4C81F3FF20}
	EndGlobalSection
EndGlobal
